
Microsoft Visual Studio Solution File, Format Version 12.00
# Visual Studio Version 17
VisualStudioVersion = 17.14.37012.4 d17.14
MinimumVisualStudioVersion = 10.0.40219.1
Project("{FAE04EC0-301F-11D3-BF4B-00C04F79EFBC}") = "SmartTask", "SmartTask\SmartTask.csproj", "{6145C89A-C008-48D9-A9CB-E9E31CC6A3F0}"
EndProject
Global
	GlobalSection(SolutionConfigurationPlatforms) = preSolution
		Debug|Any CPU = Debug|Any CPU
		Release|Any CPU = Release|Any CPU
	EndGlobalSection
	GlobalSection(ProjectConfigurationPlatforms) = postSolution
		{6145C89A-C008-48D9-A9CB-E9E31CC6A3F0}.Debug|Any CPU.ActiveCfg = Debug|Any CPU
		{6145C89A-C008-48D9-A9CB-E9E31CC6A3F0}.Debug|Any CPU.Build.0 = Debug|Any CPU
		{6145C89A-C008-48D9-A9CB-E9E31CC6A3F0}.Release|Any CPU.ActiveCfg = Release|Any CPU
		{6145C89A-C008-48D9-A9CB-E9E31CC6A3F0}.Release|Any CPU.Build.0 = Release|Any CPU
	EndGlobalSection
	GlobalSection(SolutionProperties) = preSolution
		HideSolutionNode = FALSE
	EndGlobalSection
	GlobalSection(ExtensibilityGlobals) = postSolution
		SolutionGuid = {939D0815-AF39-48FF-98FA-AD3733F42BFD}
	EndGlobalSection
EndGlobal
